
Microsoft Visual Studio Solution File, Format Version 12.00
# Visual Studio Version 16
VisualStudioVersion = 16.0.32802.440
MinimumVisualStudioVersion = 10.0.40219.1
Project("{9A19103F-16F7-4668-BE54-9A1E7A4F7556}") = "DataAccess", "DataAccess\DataAccess.csproj", "{FBF0EDBA-DC21-4568-8E98-8C0431141727}"
EndProject
Project("{9A19103F-16F7-4668-BE54-9A1E7A4F7556}") = "Business", "Business\Business.csproj", "{F112DEA5-A805-4459-A5AF-10C93EF80369}"
EndProject
Project("{9A19103F-16F7-4668-BE54-9A1E7A4F7556}") = "Entities", "Entities\Entities.csproj", "{40C295C0-C878-47DB-A9DF-61ECB2CF1030}"
EndProject
Project("{9A19103F-16F7-4668-BE54-9A1E7A4F7556}") = "ConsoleUI", "ConsoleUI\ConsoleUI.csproj", "{DDD5F82B-8ADC-4146-B0AE-5FB77EE2CA1B}"
EndProject
Project("{FAE04EC0-301F-11D3-BF4B-00C04F79EFBC}") = "Core", "Core\Core.csproj", "{E7DB3036-3764-4A31-8B0A-4FFB0477BCD5}"
EndProject
Global
	GlobalSection(SolutionConfigurationPlatforms) = preSolution
		Debug|Any CPU = Debug|Any CPU
		Release|Any CPU = Release|Any CPU
	EndGlobalSection
	GlobalSection(ProjectConfigurationPlatforms) = postSolution
		{FBF0EDBA-DC21-4568-8E98-8C0431141727}.Debug|Any CPU.ActiveCfg = Debug|Any CPU
		{FBF0EDBA-DC21-4568-8E98-8C0431141727}.Debug|Any CPU.Build.0 = Debug|Any CPU
		{FBF0EDBA-DC21-4568-8E98-8C0431141727}.Release|Any CPU.ActiveCfg = Release|Any CPU
		{FBF0EDBA-DC21-4568-8E98-8C0431141727}.Release|Any CPU.Build.0 = Release|Any CPU
		{F112DEA5-A805-4459-A5AF-10C93EF80369}.Debug|Any CPU.ActiveCfg = Debug|Any CPU
		{F112DEA5-A805-4459-A5AF-10C93EF80369}.Debug|Any CPU.Build.0 = Debug|Any CPU
		{F112DEA5-A805-4459-A5AF-10C93EF80369}.Release|Any CPU.ActiveCfg = Release|Any CPU
		{F112DEA5-A805-4459-A5AF-10C93EF80369}.Release|Any CPU.Build.0 = Release|Any CPU
		{40C295C0-C878-47DB-A9DF-61ECB2CF1030}.Debug|Any CPU.ActiveCfg = Debug|Any CPU
		{40C295C0-C878-47DB-A9DF-61ECB2CF1030}.Debug|Any CPU.Build.0 = Debug|Any CPU
		{40C295C0-C878-47DB-A9DF-61ECB2CF1030}.Release|Any CPU.ActiveCfg = Release|Any CPU
		{40C295C0-C878-47DB-A9DF-61ECB2CF1030}.Release|Any CPU.Build.0 = Release|Any CPU
		{DDD5F82B-8ADC-4146-B0AE-5FB77EE2CA1B}.Debug|Any CPU.ActiveCfg = Debug|Any CPU
		{DDD5F82B-8ADC-4146-B0AE-5FB77EE2CA1B}.Debug|Any CPU.Build.0 = Debug|Any CPU
		{DDD5F82B-8ADC-4146-B0AE-5FB77EE2CA1B}.Release|Any CPU.ActiveCfg = Release|Any CPU
		{DDD5F82B-8ADC-4146-B0AE-5FB77EE2CA1B}.Release|Any CPU.Build.0 = Release|Any CPU
		{E7DB3036-3764-4A31-8B0A-4FFB0477BCD5}.Debug|Any CPU.ActiveCfg = Debug|Any CPU
		{E7DB3036-3764-4A31-8B0A-4FFB0477BCD5}.Debug|Any CPU.Build.0 = Debug|Any CPU
		{E7DB3036-3764-4A31-8B0A-4FFB0477BCD5}.Release|Any CPU.ActiveCfg = Release|Any CPU
		{E7DB3036-3764-4A31-8B0A-4FFB0477BCD5}.Release|Any CPU.Build.0 = Release|Any CPU
	EndGlobalSection
	GlobalSection(SolutionProperties) = preSolution
		HideSolutionNode = FALSE
	EndGlobalSection
	GlobalSection(ExtensibilityGlobals) = postSolution
		SolutionGuid = {1685500F-238D-470A-9911-3FB32E63E6BD}
	EndGlobalSection
EndGlobal
